// !$*UTF8*$!
{
	archiveVersion = 1;
	classes = {
	};
	objectVersion = 46;
	objects = {

/* Begin PBXBuildFile section */
		3AB89FDD1CC83AD400B0885A /* AppDelegate.swift in Sources */ = {isa = PBXBuildFile; fileRef = 3AB89FDC1CC83AD400B0885A /* AppDelegate.swift */; };
		3AB89FDF1CC83AD400B0885A /* ViewController.swift in Sources */ = {isa = PBXBuildFile; fileRef = 3AB89FDE1CC83AD400B0885A /* ViewController.swift */; };
		3AB89FE21CC83AD400B0885A /* Main.storyboard in Resources */ = {isa = PBXBuildFile; fileRef = 3AB89FE01CC83AD400B0885A /* Main.storyboard */; };
		3AB89FE51CC83AD400B0885A /* TurtleWeather.xcdatamodeld in Sources */ = {isa = PBXBuildFile; fileRef = 3AB89FE31CC83AD400B0885A /* TurtleWeather.xcdatamodeld */; };
		3AB89FE71CC83AD400B0885A /* Assets.xcassets in Resources */ = {isa = PBXBuildFile; fileRef = 3AB89FE61CC83AD400B0885A /* Assets.xcassets */; };
		3AB89FEA1CC83AD400B0885A /* LaunchScreen.storyboard in Resources */ = {isa = PBXBuildFile; fileRef = 3AB89FE81CC83AD400B0885A /* LaunchScreen.storyboard */; };
		3AB89FF51CC83AD400B0885A /* TurtleWeatherTests.swift in Sources */ = {isa = PBXBuildFile; fileRef = 3AB89FF41CC83AD400B0885A /* TurtleWeatherTests.swift */; };
		408771F276A319655ADBDB73 /* Pods_TurtleWeather.framework in Frameworks */ = {isa = PBXBuildFile; fileRef = 53CBFE7290C043088926A675 /* Pods_TurtleWeather.framework */; };
		F47DDEAA1B3F4837E8387D2C /* Pods_TurtleWeatherTests.framework in Frameworks */ = {isa = PBXBuildFile; fileRef = 8B4BE4AE4EE2F803831E7299 /* Pods_TurtleWeatherTests.framework */; };
/* End PBXBuildFile section */

/* Begin PBXContainerItemProxy section */
		3AB89FF11CC83AD400B0885A /* PBXContainerItemProxy */ = {
			isa = PBXContainerItemProxy;
			containerPortal = 3AB89FD11CC83AD400B0885A /* Project object */;
			proxyType = 1;
			remoteGlobalIDString = 3AB89FD81CC83AD400B0885A;
			remoteInfo = TurtleWeather;
		};
/* End PBXContainerItemProxy section */

/* Begin PBXFileReference section */
		3543A6B0F04F31D505263DCC /* Pods-TurtleWeatherTests.debug.xcconfig */ = {isa = PBXFileReference; includeInIndex = 1; lastKnownFileType = text.xcconfig; name = "Pods-TurtleWeatherTests.debug.xcconfig"; path = "Pods/Target Support Files/Pods-TurtleWeatherTests/Pods-TurtleWeatherTests.debug.xcconfig"; sourceTree = "<group>"; };
		3AB89FD91CC83AD400B0885A /* TurtleWeather.app */ = {isa = PBXFileReference; explicitFileType = wrapper.application; includeInIndex = 0; path = TurtleWeather.app; sourceTree = BUILT_PRODUCTS_DIR; };
		3AB89FDC1CC83AD400B0885A /* AppDelegate.swift */ = {isa = PBXFileReference; lastKnownFileType = sourcecode.swift; path = AppDelegate.swift; sourceTree = "<group>"; };
		3AB89FDE1CC83AD400B0885A /* ViewController.swift */ = {isa = PBXFileReference; lastKnownFileType = sourcecode.swift; path = ViewController.swift; sourceTree = "<group>"; };
		3AB89FE11CC83AD400B0885A /* Base */ = {isa = PBXFileReference; lastKnownFileType = file.storyboard; name = Base; path = Base.lproj/Main.storyboard; sourceTree = "<group>"; };
		3AB89FE41CC83AD400B0885A /* TurtleWeather.xcdatamodel */ = {isa = PBXFileReference; lastKnownFileType = wrapper.xcdatamodel; path = TurtleWeather.xcdatamodel; sourceTree = "<group>"; };
		3AB89FE61CC83AD400B0885A /* Assets.xcassets */ = {isa = PBXFileReference; lastKnownFileType = folder.assetcatalog; path = Assets.xcassets; sourceTree = "<group>"; };
		3AB89FE91CC83AD400B0885A /* Base */ = {isa = PBXFileReference; lastKnownFileType = file.storyboard; name = Base; path = Base.lproj/LaunchScreen.storyboard; sourceTree = "<group>"; };
		3AB89FEB1CC83AD400B0885A /* Info.plist */ = {isa = PBXFileReference; lastKnownFileType = text.plist.xml; path = Info.plist; sourceTree = "<group>"; };
		3AB89FF01CC83AD400B0885A /* TurtleWeatherTests.xctest */ = {isa = PBXFileReference; explicitFileType = wrapper.cfbundle; includeInIndex = 0; path = TurtleWeatherTests.xctest; sourceTree = BUILT_PRODUCTS_DIR; };
		3AB89FF41CC83AD400B0885A /* TurtleWeatherTests.swift */ = {isa = PBXFileReference; lastKnownFileType = sourcecode.swift; path = TurtleWeatherTests.swift; sourceTree = "<group>"; };
		3AB89FF61CC83AD400B0885A /* Info.plist */ = {isa = PBXFileReference; lastKnownFileType = text.plist.xml; path = Info.plist; sourceTree = "<group>"; };
		53CBFE7290C043088926A675 /* Pods_TurtleWeather.framework */ = {isa = PBXFileReference; explicitFileType = wrapper.framework; includeInIndex = 0; path = Pods_TurtleWeather.framework; sourceTree = BUILT_PRODUCTS_DIR; };
		869D8BCCB86143A013D45525 /* Pods-TurtleWeather.debug.xcconfig */ = {isa = PBXFileReference; includeInIndex = 1; lastKnownFileType = text.xcconfig; name = "Pods-TurtleWeather.debug.xcconfig"; path = "Pods/Target Support Files/Pods-TurtleWeather/Pods-TurtleWeather.debug.xcconfig"; sourceTree = "<group>"; };
		8B4BE4AE4EE2F803831E7299 /* Pods_TurtleWeatherTests.framework */ = {isa = PBXFileReference; explicitFileType = wrapper.framework; includeInIndex = 0; path = Pods_TurtleWeatherTests.framework; sourceTree = BUILT_PRODUCTS_DIR; };
		A6D432E6D1215F9F2F3759E7 /* Pods-TurtleWeather.release.xcconfig */ = {isa = PBXFileReference; includeInIndex = 1; lastKnownFileType = text.xcconfig; name = "Pods-TurtleWeather.release.xcconfig"; path = "Pods/Target Support Files/Pods-TurtleWeather/Pods-TurtleWeather.release.xcconfig"; sourceTree = "<group>"; };
		A9DBC3905A16B15231421E42 /* Pods-TurtleWeatherTests.release.xcconfig */ = {isa = PBXFileReference; includeInIndex = 1; lastKnownFileType = text.xcconfig; name = "Pods-TurtleWeatherTests.release.xcconfig"; path = "Pods/Target Support Files/Pods-TurtleWeatherTests/Pods-TurtleWeatherTests.release.xcconfig"; sourceTree = "<group>"; };
/* End PBXFileReference section */

/* Begin PBXFrameworksBuildPhase section */
		3AB89FD61CC83AD400B0885A /* Frameworks */ = {
			isa = PBXFrameworksBuildPhase;
			buildActionMask = 2147483647;
			files = (
				408771F276A319655ADBDB73 /* Pods_TurtleWeather.framework in Frameworks */,
			);
			runOnlyForDeploymentPostprocessing = 0;
		};
		3AB89FED1CC83AD400B0885A /* Frameworks */ = {
			isa = PBXFrameworksBuildPhase;
			buildActionMask = 2147483647;
			files = (
				F47DDEAA1B3F4837E8387D2C /* Pods_TurtleWeatherTests.framework in Frameworks */,
			);
			runOnlyForDeploymentPostprocessing = 0;
		};
/* End PBXFrameworksBuildPhase section */

/* Begin PBXGroup section */
		3AB89FD01CC83AD400B0885A = {
			isa = PBXGroup;
			children = (
				3AB89FDB1CC83AD400B0885A /* TurtleWeather */,
				3AB89FF31CC83AD400B0885A /* TurtleWeatherTests */,
				3AB89FDA1CC83AD400B0885A /* Products */,
				7DE7385C9D879574004C0157 /* Pods */,
				FC3753C789090646A53745B6 /* Frameworks */,
			);
			sourceTree = "<group>";
		};
		3AB89FDA1CC83AD400B0885A /* Products */ = {
			isa = PBXGroup;
			children = (
				3AB89FD91CC83AD400B0885A /* TurtleWeather.app */,
				3AB89FF01CC83AD400B0885A /* TurtleWeatherTests.xctest */,
			);
			name = Products;
			sourceTree = "<group>";
		};
		3AB89FDB1CC83AD400B0885A /* TurtleWeather */ = {
			isa = PBXGroup;
			children = (
				3AB89FDC1CC83AD400B0885A /* AppDelegate.swift */,
				3AB89FDE1CC83AD400B0885A /* ViewController.swift */,
				3AB89FE01CC83AD400B0885A /* Main.storyboard */,
				3AB89FE61CC83AD400B0885A /* Assets.xcassets */,
				3AB89FE81CC83AD400B0885A /* LaunchScreen.storyboard */,
				3AB89FEB1CC83AD400B0885A /* Info.plist */,
				3AB89FE31CC83AD400B0885A /* TurtleWeather.xcdatamodeld */,
			);
			path = TurtleWeather;
			sourceTree = "<group>";
		};
		3AB89FF31CC83AD400B0885A /* TurtleWeatherTests */ = {
			isa = PBXGroup;
			children = (
				3AB89FF41CC83AD400B0885A /* TurtleWeatherTests.swift */,
				3AB89FF61CC83AD400B0885A /* Info.plist */,
			);
			path = TurtleWeatherTests;
			sourceTree = "<group>";
		};
		7DE7385C9D879574004C0157 /* Pods */ = {
			isa = PBXGroup;
			children = (
				869D8BCCB86143A013D45525 /* Pods-TurtleWeather.debug.xcconfig */,
				A6D432E6D1215F9F2F3759E7 /* Pods-TurtleWeather.release.xcconfig */,
				3543A6B0F04F31D505263DCC /* Pods-TurtleWeatherTests.debug.xcconfig */,
				A9DBC3905A16B15231421E42 /* Pods-TurtleWeatherTests.release.xcconfig */,
			);
			name = Pods;
			sourceTree = "<group>";
		};
		FC3753C789090646A53745B6 /* Frameworks */ = {
			isa = PBXGroup;
			children = (
				53CBFE7290C043088926A675 /* Pods_TurtleWeather.framework */,
				8B4BE4AE4EE2F803831E7299 /* Pods_TurtleWeatherTests.framework */,
			);
			name = Frameworks;
			sourceTree = "<group>";
		};
/* End PBXGroup section */

/* Begin PBXNativeTarget section */
		3AB89FD81CC83AD400B0885A /* TurtleWeather */ = {
			isa = PBXNativeTarget;
			buildConfigurationList = 3AB89FF91CC83AD400B0885A /* Build configuration list for PBXNativeTarget "TurtleWeather" */;
			buildPhases = (
				F4E257531DC8FC623553B30F /* 📦 Check Pods Manifest.lock */,
				3AB89FD51CC83AD400B0885A /* Sources */,
				3AB89FD61CC83AD400B0885A /* Frameworks */,
				3AB89FD71CC83AD400B0885A /* Resources */,
				06EDA97FB27098A0979301EE /* 📦 Embed Pods Frameworks */,
				117E15F1643D8015B8B8913D /* 📦 Copy Pods Resources */,
			);
			buildRules = (
			);
			dependencies = (
			);
			name = TurtleWeather;
			productName = TurtleWeather;
			productReference = 3AB89FD91CC83AD400B0885A /* TurtleWeather.app */;
			productType = "com.apple.product-type.application";
		};
		3AB89FEF1CC83AD400B0885A /* TurtleWeatherTests */ = {
			isa = PBXNativeTarget;
			buildConfigurationList = 3AB89FFC1CC83AD400B0885A /* Build configuration list for PBXNativeTarget "TurtleWeatherTests" */;
			buildPhases = (
				F609470988AFF7CFCF1D7107 /* 📦 Check Pods Manifest.lock */,
				3AB89FEC1CC83AD400B0885A /* Sources */,
				3AB89FED1CC83AD400B0885A /* Frameworks */,
				3AB89FEE1CC83AD400B0885A /* Resources */,
				EBE721320793F44D87F116BD /* 📦 Embed Pods Frameworks */,
				D3DE238256E2DDFECC813A00 /* 📦 Copy Pods Resources */,
			);
			buildRules = (
			);
			dependencies = (
				3AB89FF21CC83AD400B0885A /* PBXTargetDependency */,
			);
			name = TurtleWeatherTests;
			productName = TurtleWeatherTests;
			productReference = 3AB89FF01CC83AD400B0885A /* TurtleWeatherTests.xctest */;
			productType = "com.apple.product-type.bundle.unit-test";
		};
/* End PBXNativeTarget section */

/* Begin PBXProject section */
		3AB89FD11CC83AD400B0885A /* Project object */ = {
			isa = PBXProject;
			attributes = {
				LastSwiftUpdateCheck = 0730;
				LastUpgradeCheck = 0730;
				ORGANIZATIONNAME = "Skilpadde Labs";
				TargetAttributes = {
					3AB89FD81CC83AD400B0885A = {
						CreatedOnToolsVersion = 7.3;
					};
					3AB89FEF1CC83AD400B0885A = {
						CreatedOnToolsVersion = 7.3;
						TestTargetID = 3AB89FD81CC83AD400B0885A;
					};
				};
			};
			buildConfigurationList = 3AB89FD41CC83AD400B0885A /* Build configuration list for PBXProject "TurtleWeather" */;
			compatibilityVersion = "Xcode 3.2";
			developmentRegion = English;
			hasScannedForEncodings = 0;
			knownRegions = (
				en,
				Base,
			);
			mainGroup = 3AB89FD01CC83AD400B0885A;
			productRefGroup = 3AB89FDA1CC83AD400B0885A /* Products */;
			projectDirPath = "";
			projectRoot = "";
			targets = (
				3AB89FD81CC83AD400B0885A /* TurtleWeather */,
				3AB89FEF1CC83AD400B0885A /* TurtleWeatherTests */,
			);
		};
/* End PBXProject section */

/* Begin PBXResourcesBuildPhase section */
		3AB89FD71CC83AD400B0885A /* Resources */ = {
			isa = PBXResourcesBuildPhase;
			buildActionMask = 2147483647;
			files = (
				3AB89FEA1CC83AD400B0885A /* LaunchScreen.storyboard in Resources */,
				3AB89FE71CC83AD400B0885A /* Assets.xcassets in Resources */,
				3AB89FE21CC83AD400B0885A /* Main.storyboard in Resources */,
			);
			runOnlyForDeploymentPostprocessing = 0;
		};
		3AB89FEE1CC83AD400B0885A /* Resources */ = {
			isa = PBXResourcesBuildPhase;
			buildActionMask = 2147483647;
			files = (
			);
			runOnlyForDeploymentPostprocessing = 0;
		};
/* End PBXResourcesBuildPhase section */

/* Begin PBXShellScriptBuildPhase section */
		06EDA97FB27098A0979301EE /* 📦 Embed Pods Frameworks */ = {
			isa = PBXShellScriptBuildPhase;
			buildActionMask = 2147483647;
			files = (
			);
			inputPaths = (
			);
			name = "📦 Embed Pods Frameworks";
			outputPaths = (
			);
			runOnlyForDeploymentPostprocessing = 0;
			shellPath = /bin/sh;
			shellScript = "\"${SRCROOT}/Pods/Target Support Files/Pods-TurtleWeather/Pods-TurtleWeather-frameworks.sh\"\n";
			showEnvVarsInLog = 0;
		};
		117E15F1643D8015B8B8913D /* 📦 Copy Pods Resources */ = {
			isa = PBXShellScriptBuildPhase;
			buildActionMask = 2147483647;
			files = (
			);
			inputPaths = (
			);
			name = "📦 Copy Pods Resources";
			outputPaths = (
			);
			runOnlyForDeploymentPostprocessing = 0;
			shellPath = /bin/sh;
			shellScript = "\"${SRCROOT}/Pods/Target Support Files/Pods-TurtleWeather/Pods-TurtleWeather-resources.sh\"\n";
			showEnvVarsInLog = 0;
		};
		D3DE238256E2DDFECC813A00 /* 📦 Copy Pods Resources */ = {
			isa = PBXShellScriptBuildPhase;
			buildActionMask = 2147483647;
			files = (
			);
			inputPaths = (
			);
			name = "📦 Copy Pods Resources";
			outputPaths = (
			);
			runOnlyForDeploymentPostprocessing = 0;
			shellPath = /bin/sh;
			shellScript = "\"${SRCROOT}/Pods/Target Support Files/Pods-TurtleWeatherTests/Pods-TurtleWeatherTests-resources.sh\"\n";
			showEnvVarsInLog = 0;
		};
		EBE721320793F44D87F116BD /* 📦 Embed Pods Frameworks */ = {
			isa = PBXShellScriptBuildPhase;
			buildActionMask = 2147483647;
			files = (
			);
			inputPaths = (
			);
			name = "📦 Embed Pods Frameworks";
			outputPaths = (
			);
			runOnlyForDeploymentPostprocessing = 0;
			shellPath = /bin/sh;
			shellScript = "\"${SRCROOT}/Pods/Target Support Files/Pods-TurtleWeatherTests/Pods-TurtleWeatherTests-frameworks.sh\"\n";
			showEnvVarsInLog = 0;
		};
		F4E257531DC8FC623553B30F /* 📦 Check Pods Manifest.lock */ = {
			isa = PBXShellScriptBuildPhase;
			buildActionMask = 2147483647;
			files = (
			);
			inputPaths = (
			);
			name = "📦 Check Pods Manifest.lock";
			outputPaths = (
			);
			runOnlyForDeploymentPostprocessing = 0;
			shellPath = /bin/sh;
			shellScript = "diff \"${PODS_ROOT}/../Podfile.lock\" \"${PODS_ROOT}/Manifest.lock\" > /dev/null\nif [[ $? != 0 ]] ; then\n    cat << EOM\nerror: The sandbox is not in sync with the Podfile.lock. Run 'pod install' or update your CocoaPods installation.\nEOM\n    exit 1\nfi\n";
			showEnvVarsInLog = 0;
		};
		F609470988AFF7CFCF1D7107 /* 📦 Check Pods Manifest.lock */ = {
			isa = PBXShellScriptBuildPhase;
			buildActionMask = 2147483647;
			files = (
			);
			inputPaths = (
			);
			name = "📦 Check Pods Manifest.lock";
			outputPaths = (
			);
			runOnlyForDeploymentPostprocessing = 0;
			shellPath = /bin/sh;
			shellScript = "diff \"${PODS_ROOT}/../Podfile.lock\" \"${PODS_ROOT}/Manifest.lock\" > /dev/null\nif [[ $? != 0 ]] ; then\n    cat << EOM\nerror: The sandbox is not in sync with the Podfile.lock. Run 'pod install' or update your CocoaPods installation.\nEOM\n    exit 1\nfi\n";
			showEnvVarsInLog = 0;
		};
/* End PBXShellScriptBuildPhase section */

/* Begin PBXSourcesBuildPhase section */
		3AB89FD51CC83AD400B0885A /* Sources */ = {
			isa = PBXSourcesBuildPhase;
			buildActionMask = 2147483647;
			files = (
				3AB89FDF1CC83AD400B0885A /* ViewController.swift in Sources */,
				3AB89FDD1CC83AD400B0885A /* AppDelegate.swift in Sources */,
				3AB89FE51CC83AD400B0885A /* TurtleWeather.xcdatamodeld in Sources */,
			);
			runOnlyForDeploymentPostprocessing = 0;
		};
		3AB89FEC1CC83AD400B0885A /* Sources */ = {
			isa = PBXSourcesBuildPhase;
			buildActionMask = 2147483647;
			files = (
				3AB89FF51CC83AD400B0885A /* TurtleWeatherTests.swift in Sources */,
			);
			runOnlyForDeploymentPostprocessing = 0;
		};
/* End PBXSourcesBuildPhase section */

/* Begin PBXTargetDependency section */
		3AB89FF21CC83AD400B0885A /* PBXTargetDependency */ = {
			isa = PBXTargetDependency;
			target = 3AB89FD81CC83AD400B0885A /* TurtleWeather */;
			targetProxy = 3AB89FF11CC83AD400B0885A /* PBXContainerItemProxy */;
		};
/* End PBXTargetDependency section */

/* Begin PBXVariantGroup section */
		3AB89FE01CC83AD400B0885A /* Main.storyboard */ = {
			isa = PBXVariantGroup;
			children = (
				3AB89FE11CC83AD400B0885A /* Base */,
			);
			name = Main.storyboard;
			sourceTree = "<group>";
		};
		3AB89FE81CC83AD400B0885A /* LaunchScreen.storyboard */ = {
			isa = PBXVariantGroup;
			children = (
				3AB89FE91CC83AD400B0885A /* Base */,
			);
			name = LaunchScreen.storyboard;
			sourceTree = "<group>";
		};
/* End PBXVariantGroup section */

/* Begin XCBuildConfiguration section */
		3AB89FF71CC83AD400B0885A /* Debug */ = {
			isa = XCBuildConfiguration;
			buildSettings = {
				ALWAYS_SEARCH_USER_PATHS = NO;
				CLANG_ANALYZER_NONNULL = YES;
				CLANG_CXX_LANGUAGE_STANDARD = "gnu++0x";
				CLANG_CXX_LIBRARY = "libc++";
				CLANG_ENABLE_MODULES = YES;
				CLANG_ENABLE_OBJC_ARC = YES;
				CLANG_WARN_BOOL_CONVERSION = YES;
				CLANG_WARN_CONSTANT_CONVERSION = YES;
				CLANG_WARN_DIRECT_OBJC_ISA_USAGE = YES_ERROR;
				CLANG_WARN_EMPTY_BODY = YES;
				CLANG_WARN_ENUM_CONVERSION = YES;
				CLANG_WARN_INT_CONVERSION = YES;
				CLANG_WARN_OBJC_ROOT_CLASS = YES_ERROR;
				CLANG_WARN_UNREACHABLE_CODE = YES;
				CLANG_WARN__DUPLICATE_METHOD_MATCH = YES;
				"CODE_SIGN_IDENTITY[sdk=iphoneos*]" = "iPhone Developer";
				COPY_PHASE_STRIP = NO;
				DEBUG_INFORMATION_FORMAT = dwarf;
				ENABLE_STRICT_OBJC_MSGSEND = YES;
				ENABLE_TESTABILITY = YES;
				GCC_C_LANGUAGE_STANDARD = gnu99;
				GCC_DYNAMIC_NO_PIC = NO;
				GCC_NO_COMMON_BLOCKS = YES;
				GCC_OPTIMIZATION_LEVEL = 0;
				GCC_PREPROCESSOR_DEFINITIONS = (
					"DEBUG=1",
					"$(inherited)",
				);
				GCC_WARN_64_TO_32_BIT_CONVERSION = YES;
				GCC_WARN_ABOUT_RETURN_TYPE = YES_ERROR;
				GCC_WARN_UNDECLARED_SELECTOR = YES;
				GCC_WARN_UNINITIALIZED_AUTOS = YES_AGGRESSIVE;
				GCC_WARN_UNUSED_FUNCTION = YES;
				GCC_WARN_UNUSED_VARIABLE = YES;
				IPHONEOS_DEPLOYMENT_TARGET = 9.3;
				MTL_ENABLE_DEBUG_INFO = YES;
				ONLY_ACTIVE_ARCH = YES;
				SDKROOT = iphoneos;
				SWIFT_OPTIMIZATION_LEVEL = "-Onone";
				TARGETED_DEVICE_FAMILY = "1,2";
			};
			name = Debug;
		};
		3AB89FF81CC83AD400B0885A /* Release */ = {
			isa = XCBuildConfiguration;
			buildSettings = {
				ALWAYS_SEARCH_USER_PATHS = NO;
				CLANG_ANALYZER_NONNULL = YES;
				CLANG_CXX_LANGUAGE_STANDARD = "gnu++0x";
				CLANG_CXX_LIBRARY = "libc++";
				CLANG_ENABLE_MODULES = YES;
				CLANG_ENABLE_OBJC_ARC = YES;
				CLANG_WARN_BOOL_CONVERSION = YES;
				CLANG_WARN_CONSTANT_CONVERSION = YES;
				CLANG_WARN_DIRECT_OBJC_ISA_USAGE = YES_ERROR;
				CLANG_WARN_EMPTY_BODY = YES;
				CLANG_WARN_ENUM_CONVERSION = YES;
				CLANG_WARN_INT_CONVERSION = YES;
				CLANG_WARN_OBJC_ROOT_CLASS = YES_ERROR;
				CLANG_WARN_UNREACHABLE_CODE = YES;
				CLANG_WARN__DUPLICATE_METHOD_MATCH = YES;
				"CODE_SIGN_IDENTITY[sdk=iphoneos*]" = "iPhone Developer";
				COPY_PHASE_STRIP = NO;
				DEBUG_INFORMATION_FORMAT = "dwarf-with-dsym";
				ENABLE_NS_ASSERTIONS = NO;
				ENABLE_STRICT_OBJC_MSGSEND = YES;
				GCC_C_LANGUAGE_STANDARD = gnu99;
				GCC_NO_COMMON_BLOCKS = YES;
				GCC_WARN_64_TO_32_BIT_CONVERSION = YES;
				GCC_WARN_ABOUT_RETURN_TYPE = YES_ERROR;
				GCC_WARN_UNDECLARED_SELECTOR = YES;
				GCC_WARN_UNINITIALIZED_AUTOS = YES_AGGRESSIVE;
				GCC_WARN_UNUSED_FUNCTION = YES;
				GCC_WARN_UNUSED_VARIABLE = YES;
				IPHONEOS_DEPLOYMENT_TARGET = 9.3;
				MTL_ENABLE_DEBUG_INFO = NO;
				SDKROOT = iphoneos;
				TARGETED_DEVICE_FAMILY = "1,2";
				VALIDATE_PRODUCT = YES;
			};
			name = Release;
		};
		3AB89FFA1CC83AD400B0885A /* Debug */ = {
			isa = XCBuildConfiguration;
			baseConfigurationReference = 869D8BCCB86143A013D45525 /* Pods-TurtleWeather.debug.xcconfig */;
			buildSettings = {
				ASSETCATALOG_COMPILER_APPICON_NAME = AppIcon;
				INFOPLIST_FILE = TurtleWeather/Info.plist;
				LD_RUNPATH_SEARCH_PATHS = "$(inherited) @executable_path/Frameworks";
				PRODUCT_BUNDLE_IDENTIFIER = com.skilpaddelabs.TurtleWeather;
				PRODUCT_NAME = "$(TARGET_NAME)";
			};
			name = Debug;
		};
		3AB89FFB1CC83AD400B0885A /* Release */ = {
			isa = XCBuildConfiguration;
			baseConfigurationReference = A6D432E6D1215F9F2F3759E7 /* Pods-TurtleWeather.release.xcconfig */;
			buildSettings = {
				ASSETCATALOG_COMPILER_APPICON_NAME = AppIcon;
				INFOPLIST_FILE = TurtleWeather/Info.plist;
				LD_RUNPATH_SEARCH_PATHS = "$(inherited) @executable_path/Frameworks";
				PRODUCT_BUNDLE_IDENTIFIER = com.skilpaddelabs.TurtleWeather;
				PRODUCT_NAME = "$(TARGET_NAME)";
			};
			name = Release;
		};
		3AB89FFD1CC83AD400B0885A /* Debug */ = {
			isa = XCBuildConfiguration;
			baseConfigurationReference = 3543A6B0F04F31D505263DCC /* Pods-TurtleWeatherTests.debug.xcconfig */;
			buildSettings = {
				BUNDLE_LOADER = "$(TEST_HOST)";
				INFOPLIST_FILE = TurtleWeatherTests/Info.plist;
				LD_RUNPATH_SEARCH_PATHS = "$(inherited) @executable_path/Frameworks @loader_path/Frameworks";
				PRODUCT_BUNDLE_IDENTIFIER = com.skilpaddelabs.TurtleWeatherTests;
				PRODUCT_NAME = "$(TARGET_NAME)";
				TEST_HOST = "$(BUILT_PRODUCTS_DIR)/TurtleWeather.app/TurtleWeather";
			};
			name = Debug;
		};
		3AB89FFE1CC83AD400B0885A /* Release */ = {
			isa = XCBuildConfiguration;
			baseConfigurationReference = A9DBC3905A16B15231421E42 /* Pods-TurtleWeatherTests.release.xcconfig */;
			buildSettings = {
				BUNDLE_LOADER = "$(TEST_HOST)";
				INFOPLIST_FILE = TurtleWeatherTests/Info.plist;
				LD_RUNPATH_SEARCH_PATHS = "$(inherited) @executable_path/Frameworks @loader_path/Frameworks";
				PRODUCT_BUNDLE_IDENTIFIER = com.skilpaddelabs.TurtleWeatherTests;
				PRODUCT_NAME = "$(TARGET_NAME)";
				TEST_HOST = "$(BUILT_PRODUCTS_DIR)/TurtleWeather.app/TurtleWeather";
			};
			name = Release;
		};
/* End XCBuildConfiguration section */

/* Begin XCConfigurationList section */
		3AB89FD41CC83AD400B0885A /* Build configuration list for PBXProject "TurtleWeather" */ = {
			isa = XCConfigurationList;
			buildConfigurations = (
				3AB89FF71CC83AD400B0885A /* Debug */,
				3AB89FF81CC83AD400B0885A /* Release */,
			);
			defaultConfigurationIsVisible = 0;
			defaultConfigurationName = Release;
		};
		3AB89FF91CC83AD400B0885A /* Build configuration list for PBXNativeTarget "TurtleWeather" */ = {
			isa = XCConfigurationList;
			buildConfigurations = (
				3AB89FFA1CC83AD400B0885A /* Debug */,
				3AB89FFB1CC83AD400B0885A /* Release */,
			);
			defaultConfigurationIsVisible = 0;
			defaultConfigurationName = Release;
		};
		3AB89FFC1CC83AD400B0885A /* Build configuration list for PBXNativeTarget "TurtleWeatherTests" */ = {
			isa = XCConfigurationList;
			buildConfigurations = (
				3AB89FFD1CC83AD400B0885A /* Debug */,
				3AB89FFE1CC83AD400B0885A /* Release */,
			);
			defaultConfigurationIsVisible = 0;
			defaultConfigurationName = Release;
		};
/* End XCConfigurationList section */

/* Begin XCVersionGroup section */
		3AB89FE31CC83AD400B0885A /* TurtleWeather.xcdatamodeld */ = {
			isa = XCVersionGroup;
			children = (
				3AB89FE41CC83AD400B0885A /* TurtleWeather.xcdatamodel */,
			);
			currentVersion = 3AB89FE41CC83AD400B0885A /* TurtleWeather.xcdatamodel */;
			path = TurtleWeather.xcdatamodeld;
			sourceTree = "<group>";
			versionGroupType = wrapper.xcdatamodel;
		};
/* End XCVersionGroup section */
	};
	rootObject = 3AB89FD11CC83AD400B0885A /* Project object */;
}
